github.com/thorstenrie/tserr v1.15.0 h1:9BepJiULvZqXgPkJ/juxsyadxKyVAU5Vf6l6CqbD18c=
github.com/thorstenrie/tserr v1.15.0/go.mod h1:DoRbTb8KxRuaDowWt/2zn/hlhio7GMNaaqrB9pSm0j4=
github.com/thorstenrie/tsfio v1.5.1 h1:70K78SXsAMmNfpgwjqRn7lcqognY3hJkWlKNN3hFGTI=
github.com/thorstenrie/tsfio v1.5.1/go.mod h1:vxvBsFL0M+2P5rXLGWIqZrY4jPcyG/kAmB3pRXRMuaI=
